{
  "name": "StockTok",
  "lockfileVersion": 3,
  "requires": true,
  "packages": {
    "": {
      "dependencies": {
        "@auth0/nextjs-auth0": "^4.14.0"
      }
    },
    "node_modules/@auth0/nextjs-auth0": {
      "version": "4.14.0",
      "resolved": "https://registry.npmjs.org/@auth0/nextjs-auth0/-/nextjs-auth0-4.14.0.tgz",
      "integrity": "sha512-1SGieoD/nM52G+bNE8Xg1SpuCYSVC0c2q74B6mlMTXimtpVk6uZOmYH75L1jdAUKxesum470BtxOiwo4MwUS6g==",
      "license": "MIT",
      "dependencies": {
        "@edge-runtime/cookies": "^5.0.1",
        "@panva/hkdf": "^1.2.1",
        "jose": "^6.0.11",
        "oauth4webapi": "^3.8.2",
        "openid-client": "^6.8.0",
        "swr": "^2.2.5"
      },
      "peerDependencies": {
        "next": "^14.2.35 || ~15.0.7 || ~15.1.11 || ~15.2.8 || ~15.3.8 || ~15.4.10 || ~15.5.9 || ^16.0.10",
        "react": "^18.0.0 || ~19.0.1 ||  ~19.1.2 || ^19.2.1",
        "react-dom": "^18.0.0 || ~19.0.1 || ~19.1.2 || ^19.2.1"
      }
    },
    "node_modules/@edge-runtime/cookies": {
      "version": "5.0.2",
      "resolved": "https://registry.npmjs.org/@edge-runtime/cookies/-/cookies-5.0.2.tgz",
      "integrity": "sha512-Sd8LcWpZk/SWEeKGE8LT6gMm5MGfX/wm+GPnh1eBEtCpya3vYqn37wYknwAHw92ONoyyREl1hJwxV/Qx2DWNOg==",
      "license": "MIT",
      "engines": {
        "node": ">=16"
      }
    },
    "node_modules/@panva/hkdf": {
      "version": "1.2.1",
      "resolved": "https://registry.npmjs.org/@panva/hkdf/-/hkdf-1.2.1.tgz",
      "integrity": "sha512-6oclG6Y3PiDFcoyk8srjLfVKyMfVCKJ27JwNPViuXziFpmdz+MZnZN/aKY0JGXgYuO/VghU0jcOAZgWXZ1Dmrw==",
      "license": "MIT",
      "funding": {
        "url": "https://github.com/sponsors/panva"
      }
    },
    "node_modules/dequal": {
      "version": "2.0.3",
      "resolved": "https://registry.npmjs.org/dequal/-/dequal-2.0.3.tgz",
      "integrity": "sha512-0je+qPKHEMohvfRTCEo3CrPG6cAzAYgmzKyxRiYSSDkS6eGJdyVJm7WaYA5ECaAD9wLB2T4EEeymA5aFVcYXCA==",
      "license": "MIT",
      "engines": {
        "node": ">=6"
      }
    },
    "node_modules/jose": {
      "version": "6.1.3",
      "resolved": "https://registry.npmjs.org/jose/-/jose-6.1.3.tgz",
      "integrity": "sha512-0TpaTfihd4QMNwrz/ob2Bp7X04yuxJkjRGi4aKmOqwhov54i6u79oCv7T+C7lo70MKH6BesI3vscD1yb/yzKXQ==",
      "license": "MIT",
      "funding": {
        "url": "https://github.com/sponsors/panva"
      }
    },
    "node_modules/oauth4webapi": {
      "version": "3.8.3",
      "resolved": "https://registry.npmjs.org/oauth4webapi/-/oauth4webapi-3.8.3.tgz",
      "integrity": "sha512-pQ5BsX3QRTgnt5HxgHwgunIRaDXBdkT23tf8dfzmtTIL2LTpdmxgbpbBm0VgFWAIDlezQvQCTgnVIUmHupXHxw==",
      "license": "MIT",
      "funding": {
        "url": "https://github.com/sponsors/panva"
      }
    },
    "node_modules/openid-client": {
      "version": "6.8.1",
      "resolved": "https://registry.npmjs.org/openid-client/-/openid-client-6.8.1.tgz",
      "integrity": "sha512-VoYT6enBo6Vj2j3Q5Ec0AezS+9YGzQo1f5Xc42lreMGlfP4ljiXPKVDvCADh+XHCV/bqPu/wWSiCVXbJKvrODw==",
      "license": "MIT",
      "dependencies": {
        "jose": "^6.1.0",
        "oauth4webapi": "^3.8.2"
      },
      "funding": {
        "url": "https://github.com/sponsors/panva"
      }
    },
    "node_modules/swr": {
      "version": "2.3.8",
      "resolved": "https://registry.npmjs.org/swr/-/swr-2.3.8.tgz",
      "integrity": "sha512-gaCPRVoMq8WGDcWj9p4YWzCMPHzE0WNl6W8ADIx9c3JBEIdMkJGMzW+uzXvxHMltwcYACr9jP+32H8/hgwMR7w==",
      "license": "MIT",
      "dependencies": {
        "dequal": "^2.0.3",
        "use-sync-external-store": "^1.6.0"
      },
      "peerDependencies": {
        "react": "^16.11.0 || ^17.0.0 || ^18.0.0 || ^19.0.0"
      }
    },
    "node_modules/use-sync-external-store": {
      "version": "1.6.0",
      "resolved": "https://registry.npmjs.org/use-sync-external-store/-/use-sync-external-store-1.6.0.tgz",
      "integrity": "sha512-Pp6GSwGP/NrPIrxVFAIkOQeyw8lFenOHijQWkUTrDvrF4ALqylP2C/KCkeS9dpUM3KvYRQhna5vt7IL95+ZQ9w==",
      "license": "MIT",
      "peerDependencies": {
        "react": "^16.8.0 || ^17.0.0 || ^18.0.0 || ^19.0.0"
      }
    }
  }
}
