Microsoft Visual Studio Solution File, Format Version 12.00
# Visual Studio Version 17
VisualStudioVersion = 17.5.2.0
MinimumVisualStudioVersion = 10.0.40219.1
Project("{2150E333-8FDC-42A3-9474-1A3956D46DE8}") = "backend", "backend", "{1AE8ACA6-933B-BF2A-3671-3E2EAC007D16}"
EndProject
Project("{FAE04EC0-301F-11D3-BF4B-00C04F79EFBC}") = "ApiGateway", "backend\ApiGateway\ApiGateway.csproj", "{BB607CCB-9547-EAE0-ABE3-FCFE12F0AEAF}"
EndProject
Global
	GlobalSection(SolutionConfigurationPlatforms) = preSolution
		Debug|Any CPU = Debug|Any CPU
		Release|Any CPU = Release|Any CPU
	EndGlobalSection
	GlobalSection(ProjectConfigurationPlatforms) = postSolution
		{BB607CCB-9547-EAE0-ABE3-FCFE12F0AEAF}.Debug|Any CPU.ActiveCfg = Debug|Any CPU
		{BB607CCB-9547-EAE0-ABE3-FCFE12F0AEAF}.Debug|Any CPU.Build.0 = Debug|Any CPU
		{BB607CCB-9547-EAE0-ABE3-FCFE12F0AEAF}.Release|Any CPU.ActiveCfg = Release|Any CPU
		{BB607CCB-9547-EAE0-ABE3-FCFE12F0AEAF}.Release|Any CPU.Build.0 = Release|Any CPU
	EndGlobalSection
	GlobalSection(SolutionProperties) = preSolution
		HideSolutionNode = FALSE
	EndGlobalSection
	GlobalSection(NestedProjects) = preSolution
		{BB607CCB-9547-EAE0-ABE3-FCFE12F0AEAF} = {1AE8ACA6-933B-BF2A-3671-3E2EAC007D16}
	EndGlobalSection
	GlobalSection(ExtensibilityGlobals) = postSolution
		SolutionGuid = {7C2D0BF5-779C-4608-ABFC-DAC133DE955B}
	EndGlobalSection
EndGlobal
