
Microsoft Visual Studio Solution File, Format Version 12.00
# Visual Studio Version 17
VisualStudioVersion = 17.14.36623.8
MinimumVisualStudioVersion = 10.0.40219.1
Project("{FAE04EC0-301F-11D3-BF4B-00C04F79EFBC}") = "Social", "Social.csproj", "{10079804-86E0-4BB3-ACC8-CB365A11986C}"
EndProject
Project("{FAE04EC0-301F-11D3-BF4B-00C04F79EFBC}") = "Posts", "..\Posts\Posts.csproj", "{EA66CE6B-B0FA-6110-A0FF-EF401AED1D95}"
EndProject
Global
	GlobalSection(SolutionConfigurationPlatforms) = preSolution
		Debug|Any CPU = Debug|Any CPU
		Release|Any CPU = Release|Any CPU
	EndGlobalSection
	GlobalSection(ProjectConfigurationPlatforms) = postSolution
		{10079804-86E0-4BB3-ACC8-CB365A11986C}.Debug|Any CPU.ActiveCfg = Debug|Any CPU
		{10079804-86E0-4BB3-ACC8-CB365A11986C}.Debug|Any CPU.Build.0 = Debug|Any CPU
		{10079804-86E0-4BB3-ACC8-CB365A11986C}.Release|Any CPU.ActiveCfg = Release|Any CPU
		{10079804-86E0-4BB3-ACC8-CB365A11986C}.Release|Any CPU.Build.0 = Release|Any CPU
		{EA66CE6B-B0FA-6110-A0FF-EF401AED1D95}.Debug|Any CPU.ActiveCfg = Debug|Any CPU
		{EA66CE6B-B0FA-6110-A0FF-EF401AED1D95}.Debug|Any CPU.Build.0 = Debug|Any CPU
		{EA66CE6B-B0FA-6110-A0FF-EF401AED1D95}.Release|Any CPU.ActiveCfg = Release|Any CPU
		{EA66CE6B-B0FA-6110-A0FF-EF401AED1D95}.Release|Any CPU.Build.0 = Release|Any CPU
	EndGlobalSection
	GlobalSection(SolutionProperties) = preSolution
		HideSolutionNode = FALSE
	EndGlobalSection
	GlobalSection(ExtensibilityGlobals) = postSolution
		SolutionGuid = {DB03B8D6-2994-4839-8979-181149EB5458}
	EndGlobalSection
EndGlobal
